
Microsoft Visual Studio Solution File, Format Version 12.00
# Visual Studio Version 16
VisualStudioVersion = 16.0.30621.155
MinimumVisualStudioVersion = 10.0.40219.1
Project("{FAE04EC0-301F-11D3-BF4B-00C04F79EFBC}") = "ortc", "ortc\ortc.csproj", "{BEE0FACC-DE6B-433A-9E4D-57C9845008D0}"
EndProject
Global
	GlobalSection(SolutionConfigurationPlatforms) = preSolution
		Debug|Any CPU = Debug|Any CPU
		Release|Any CPU = Release|Any CPU
	EndGlobalSection
	GlobalSection(ProjectConfigurationPlatforms) = postSolution
		{BEE0FACC-DE6B-433A-9E4D-57C9845008D0}.Debug|Any CPU.ActiveCfg = Debug|Any CPU
		{BEE0FACC-DE6B-433A-9E4D-57C9845008D0}.Debug|Any CPU.Build.0 = Debug|Any CPU
		{BEE0FACC-DE6B-433A-9E4D-57C9845008D0}.Release|Any CPU.ActiveCfg = Release|Any CPU
		{BEE0FACC-DE6B-433A-9E4D-57C9845008D0}.Release|Any CPU.Build.0 = Release|Any CPU
	EndGlobalSection
	GlobalSection(SolutionProperties) = preSolution
		HideSolutionNode = FALSE
	EndGlobalSection
	GlobalSection(ExtensibilityGlobals) = postSolution
		SolutionGuid = {CC87D22D-B8BA-42A0-A731-B1EE74F008BE}
	EndGlobalSection
EndGlobal
